
Microsoft Visual Studio Solution File, Format Version 12.00
# Visual Studio Version 16
VisualStudioVersion = 16.0.30608.117
MinimumVisualStudioVersion = 10.0.40219.1
Project("{FAE04EC0-301F-11D3-BF4B-00C04F79EFBC}") = "BlazorCounter", "BlazorCounter\BlazorCounter.csproj", "{5802A570-AF45-4FF7-9895-1D3CD3449FD6}"
EndProject
Global
	GlobalSection(SolutionConfigurationPlatforms) = preSolution
		Debug|Any CPU = Debug|Any CPU
		Release|Any CPU = Release|Any CPU
	EndGlobalSection
	GlobalSection(ProjectConfigurationPlatforms) = postSolution
		{5802A570-AF45-4FF7-9895-1D3CD3449FD6}.Debug|Any CPU.ActiveCfg = Debug|Any CPU
		{5802A570-AF45-4FF7-9895-1D3CD3449FD6}.Debug|Any CPU.Build.0 = Debug|Any CPU
		{5802A570-AF45-4FF7-9895-1D3CD3449FD6}.Release|Any CPU.ActiveCfg = Release|Any CPU
		{5802A570-AF45-4FF7-9895-1D3CD3449FD6}.Release|Any CPU.Build.0 = Release|Any CPU
	EndGlobalSection
	GlobalSection(SolutionProperties) = preSolution
		HideSolutionNode = FALSE
	EndGlobalSection
	GlobalSection(ExtensibilityGlobals) = postSolution
		SolutionGuid = {E0DB9D8A-4C09-467F-AFA3-ABC2B10A540E}
	EndGlobalSection
EndGlobal
